
Microsoft Visual Studio Solution File, Format Version 12.00
# Visual Studio 2013
VisualStudioVersion = 12.0.30501.0
MinimumVisualStudioVersion = 10.0.40219.1
Project("{FAE04EC0-301F-11D3-BF4B-00C04F79EFBC}") = "DotNetBay.WebApi", "DotNetBay.WebApi\DotNetBay.WebApi.csproj", "{BEF603C5-95B4-4AEB-98A0-99073A1517AA}"
EndProject
Global
	GlobalSection(SolutionConfigurationPlatforms) = preSolution
		Debug|Any CPU = Debug|Any CPU
		Release|Any CPU = Release|Any CPU
	EndGlobalSection
	GlobalSection(ProjectConfigurationPlatforms) = postSolution
		{BEF603C5-95B4-4AEB-98A0-99073A1517AA}.Debug|Any CPU.ActiveCfg = Debug|Any CPU
		{BEF603C5-95B4-4AEB-98A0-99073A1517AA}.Debug|Any CPU.Build.0 = Debug|Any CPU
		{BEF603C5-95B4-4AEB-98A0-99073A1517AA}.Release|Any CPU.ActiveCfg = Release|Any CPU
		{BEF603C5-95B4-4AEB-98A0-99073A1517AA}.Release|Any CPU.Build.0 = Release|Any CPU
	EndGlobalSection
	GlobalSection(SolutionProperties) = preSolution
		HideSolutionNode = FALSE
	EndGlobalSection
EndGlobal
